// !$*UTF8*$!
{
	archiveVersion = 1;
	classes = {
	};
	objectVersion = 46;
	objects = {

/* Begin PBXBuildFile section */
		0326AC228142EA39FD582F72 /* libPods-PeopleManagerUITests.a in Frameworks */ = {isa = PBXBuildFile; fileRef = F8C18FDC7B9A72ED4620B13E /* libPods-PeopleManagerUITests.a */; };
		7EA37C1BA3A659D45C01FBB9 /* libPods-PeopleManagerTests.a in Frameworks */ = {isa = PBXBuildFile; fileRef = 17EBF9829A671A06E584F345 /* libPods-PeopleManagerTests.a */; };
		8F1A6AF428EB41E675FFC028 /* libPods.a in Frameworks */ = {isa = PBXBuildFile; fileRef = D8A5ACC7A6ED91E78990A438 /* libPods.a */; };
		92F50AB51BB4429000199103 /* main.m in Sources */ = {isa = PBXBuildFile; fileRef = 92F50AB41BB4429000199103 /* main.m */; };
		92F50AB81BB4429000199103 /* AppDelegate.m in Sources */ = {isa = PBXBuildFile; fileRef = 92F50AB71BB4429000199103 /* AppDelegate.m */; };
		92F50AC41BB4429000199103 /* remove-key.sh in Resources */ = {isa = PBXBuildFile; fileRef = 92F50AC31BB4429000199103 /* remove-key.sh */; };
		92F50AD31BB4429000199103 /* Main.storyboard in Resources */ = {isa = PBXBuildFile; fileRef = 92F50AD11BB4429000199103 /* Main.storyboard */; };
		92F50AD51BB4429000199103 /* Assets.xcassets in Resources */ = {isa = PBXBuildFile; fileRef = 92F50AD41BB4429000199103 /* Assets.xcassets */; };
		92F50AD81BB4429000199103 /* LaunchScreen.storyboard in Resources */ = {isa = PBXBuildFile; fileRef = 92F50AD61BB4429000199103 /* LaunchScreen.storyboard */; };
		92F50AE31BB4429000199103 /* PeopleManagerTests.m in Sources */ = {isa = PBXBuildFile; fileRef = 92F50AE21BB4429000199103 /* PeopleManagerTests.m */; };
		92F50AEE1BB4429000199103 /* PeopleManagerUITests.m in Sources */ = {isa = PBXBuildFile; fileRef = 92F50AED1BB4429000199103 /* PeopleManagerUITests.m */; };
		92F50AF91BB4429000199103 /* PeopleManagerUITests.m in Sources */ = {isa = PBXBuildFile; fileRef = 92F50AF81BB4429000199103 /* PeopleManagerUITests.m */; };
/* End PBXBuildFile section */

/* Begin PBXContainerItemProxy section */
		92F50ADF1BB4429000199103 /* PBXContainerItemProxy */ = {
			isa = PBXContainerItemProxy;
			containerPortal = 92F50AA61BB4429000199103 /* Project object */;
			proxyType = 1;
			remoteGlobalIDString = 92F50AB01BB4429000199103;
			remoteInfo = PeopleManager;
		};
		92F50AEA1BB4429000199103 /* PBXContainerItemProxy */ = {
			isa = PBXContainerItemProxy;
			containerPortal = 92F50AA61BB4429000199103 /* Project object */;
			proxyType = 1;
			remoteGlobalIDString = 92F50AB01BB4429000199103;
			remoteInfo = PeopleManager;
		};
		92F50AF51BB4429000199103 /* PBXContainerItemProxy */ = {
			isa = PBXContainerItemProxy;
			containerPortal = 92F50AA61BB4429000199103 /* Project object */;
			proxyType = 1;
			remoteGlobalIDString = 92F50AB01BB4429000199103;
			remoteInfo = PeopleManager;
		};
/* End PBXContainerItemProxy section */

/* Begin PBXFileReference section */
		17EBF9829A671A06E584F345 /* libPods-PeopleManagerTests.a */ = {isa = PBXFileReference; explicitFileType = archive.ar; includeInIndex = 0; path = "libPods-PeopleManagerTests.a"; sourceTree = BUILT_PRODUCTS_DIR; };
		237F10C20CECA9CE1A1E4FEE /* Pods-PeopleManagerUITests.release.xcconfig */ = {isa = PBXFileReference; includeInIndex = 1; lastKnownFileType = text.xcconfig; name = "Pods-PeopleManagerUITests.release.xcconfig"; path = "Pods/Target Support Files/Pods-PeopleManagerUITests/Pods-PeopleManagerUITests.release.xcconfig"; sourceTree = "<group>"; };
		78BA88419EED535A18D102B4 /* Pods-PeopleManagerTests.release.xcconfig */ = {isa = PBXFileReference; includeInIndex = 1; lastKnownFileType = text.xcconfig; name = "Pods-PeopleManagerTests.release.xcconfig"; path = "Pods/Target Support Files/Pods-PeopleManagerTests/Pods-PeopleManagerTests.release.xcconfig"; sourceTree = "<group>"; };
		8BEE5C7AF881EC6190879C55 /* Pods.debug.xcconfig */ = {isa = PBXFileReference; includeInIndex = 1; lastKnownFileType = text.xcconfig; name = Pods.debug.xcconfig; path = "Pods/Target Support Files/Pods/Pods.debug.xcconfig"; sourceTree = "<group>"; };
		918336BD61912027B97A67E7 /* Pods-PeopleManagerUITests.debug.xcconfig */ = {isa = PBXFileReference; includeInIndex = 1; lastKnownFileType = text.xcconfig; name = "Pods-PeopleManagerUITests.debug.xcconfig"; path = "Pods/Target Support Files/Pods-PeopleManagerUITests/Pods-PeopleManagerUITests.debug.xcconfig"; sourceTree = "<group>"; };
		92F50AB11BB4429000199103 /* PeopleManager.app */ = {isa = PBXFileReference; explicitFileType = wrapper.application; includeInIndex = 0; path = PeopleManager.app; sourceTree = BUILT_PRODUCTS_DIR; };
		92F50AB41BB4429000199103 /* main.m */ = {isa = PBXFileReference; lastKnownFileType = sourcecode.c.objc; path = main.m; sourceTree = "<group>"; };
		92F50AB61BB4429000199103 /* AppDelegate.h */ = {isa = PBXFileReference; lastKnownFileType = sourcecode.c.h; path = AppDelegate.h; sourceTree = "<group>"; };
		92F50AB71BB4429000199103 /* AppDelegate.m */ = {isa = PBXFileReference; lastKnownFileType = sourcecode.c.objc; path = AppDelegate.m; sourceTree = "<group>"; };
		92F50ABA1BB4429000199103 /* .gitignore */ = {isa = PBXFileReference; lastKnownFileType = text; name = .gitignore; path = ../.gitignore; sourceTree = "<group>"; };
		92F50ABB1BB4429000199103 /* .travis.yml */ = {isa = PBXFileReference; lastKnownFileType = text; name = .travis.yml; path = ../.travis.yml; sourceTree = "<group>"; };
		92F50ABC1BB4429000199103 /* README.md */ = {isa = PBXFileReference; lastKnownFileType = net.daringfireball.markdown; name = README.md; path = ../README.md; sourceTree = "<group>"; };
		92F50ABE1BB4429000199103 /* add-key.sh */ = {isa = PBXFileReference; lastKnownFileType = text.script.sh; path = "add-key.sh"; sourceTree = "<group>"; };
		92F50ABF1BB4429000199103 /* Apple Worldwide Developer Relations Certification Authority.cer */ = {isa = PBXFileReference; lastKnownFileType = file; path = "Apple Worldwide Developer Relations Certification Authority.cer"; sourceTree = "<group>"; };
		92F50AC01BB4429000199103 /* build.sh */ = {isa = PBXFileReference; lastKnownFileType = text.script.sh; path = build.sh; sourceTree = "<group>"; };
		92F50AC11BB4429000199103 /* codecov.sh */ = {isa = PBXFileReference; lastKnownFileType = text.script.sh; path = codecov.sh; sourceTree = "<group>"; };
		92F50AC21BB4429000199103 /* distribute.sh */ = {isa = PBXFileReference; lastKnownFileType = text.script.sh; path = distribute.sh; sourceTree = "<group>"; };
		92F50AC31BB4429000199103 /* remove-key.sh */ = {isa = PBXFileReference; lastKnownFileType = folder; path = "remove-key.sh"; sourceTree = "<group>"; };
		92F50AC51BB4429000199103 /* Podfile */ = {isa = PBXFileReference; lastKnownFileType = text; name = Podfile; path = ../Podfile; sourceTree = "<group>"; };
		92F50AC61BB4429000199103 /* Gemfile */ = {isa = PBXFileReference; lastKnownFileType = text; name = Gemfile; path = ../Gemfile; sourceTree = "<group>"; };
		92F50AC81BB4429000199103 /* VokalObjCleanStyleSettings.plist */ = {isa = PBXFileReference; lastKnownFileType = text.plist.xml; name = VokalObjCleanStyleSettings.plist; path = ../VokalObjCleanStyleSettings.plist; sourceTree = "<group>"; };
		92F50AD01BB4429000199103 /* Prefix.pch */ = {isa = PBXFileReference; lastKnownFileType = sourcecode.c.h; path = Prefix.pch; sourceTree = "<group>"; };
		92F50AD21BB4429000199103 /* Base */ = {isa = PBXFileReference; lastKnownFileType = file.storyboard; name = Base; path = Base.lproj/Main.storyboard; sourceTree = "<group>"; };
		92F50AD41BB4429000199103 /* Assets.xcassets */ = {isa = PBXFileReference; lastKnownFileType = folder.assetcatalog; path = Assets.xcassets; sourceTree = "<group>"; };
		92F50AD71BB4429000199103 /* Base */ = {isa = PBXFileReference; lastKnownFileType = file.storyboard; name = Base; path = Base.lproj/LaunchScreen.storyboard; sourceTree = "<group>"; };
		92F50AD91BB4429000199103 /* Info.plist */ = {isa = PBXFileReference; lastKnownFileType = text.plist.xml; path = Info.plist; sourceTree = "<group>"; };
		92F50ADE1BB4429000199103 /* PeopleManagerTests.xctest */ = {isa = PBXFileReference; explicitFileType = wrapper.cfbundle; includeInIndex = 0; path = PeopleManagerTests.xctest; sourceTree = BUILT_PRODUCTS_DIR; };
		92F50AE21BB4429000199103 /* PeopleManagerTests.m */ = {isa = PBXFileReference; lastKnownFileType = sourcecode.c.objc; path = PeopleManagerTests.m; sourceTree = "<group>"; };
		92F50AE41BB4429000199103 /* Info.plist */ = {isa = PBXFileReference; lastKnownFileType = text.plist.xml; path = Info.plist; sourceTree = "<group>"; };
		92F50AE91BB4429000199103 /* PeopleManagerUITests.xctest */ = {isa = PBXFileReference; explicitFileType = wrapper.cfbundle; includeInIndex = 0; path = PeopleManagerUITests.xctest; sourceTree = BUILT_PRODUCTS_DIR; };
		92F50AED1BB4429000199103 /* PeopleManagerUITests.m */ = {isa = PBXFileReference; lastKnownFileType = sourcecode.c.objc; path = PeopleManagerUITests.m; sourceTree = "<group>"; };
		92F50AEF1BB4429000199103 /* Info.plist */ = {isa = PBXFileReference; lastKnownFileType = text.plist.xml; path = Info.plist; sourceTree = "<group>"; };
		92F50AF41BB4429000199103 /* PeopleManagerUITests.xctest */ = {isa = PBXFileReference; explicitFileType = wrapper.cfbundle; includeInIndex = 0; path = PeopleManagerUITests.xctest; sourceTree = BUILT_PRODUCTS_DIR; };
		92F50AF81BB4429000199103 /* PeopleManagerUITests.m */ = {isa = PBXFileReference; lastKnownFileType = sourcecode.c.objc; path = PeopleManagerUITests.m; sourceTree = "<group>"; };
		92F50AFA1BB4429000199103 /* Info.plist */ = {isa = PBXFileReference; lastKnownFileType = text.plist.xml; path = Info.plist; sourceTree = "<group>"; };
		A2DE5EB62C99755B940EBF07 /* Pods.release.xcconfig */ = {isa = PBXFileReference; includeInIndex = 1; lastKnownFileType = text.xcconfig; name = Pods.release.xcconfig; path = "Pods/Target Support Files/Pods/Pods.release.xcconfig"; sourceTree = "<group>"; };
		D8A5ACC7A6ED91E78990A438 /* libPods.a */ = {isa = PBXFileReference; explicitFileType = archive.ar; includeInIndex = 0; path = libPods.a; sourceTree = BUILT_PRODUCTS_DIR; };
		F8C18FDC7B9A72ED4620B13E /* libPods-PeopleManagerUITests.a */ = {isa = PBXFileReference; explicitFileType = archive.ar; includeInIndex = 0; path = "libPods-PeopleManagerUITests.a"; sourceTree = BUILT_PRODUCTS_DIR; };
		FFDA91F960173098AD56602A /* Pods-PeopleManagerTests.debug.xcconfig */ = {isa = PBXFileReference; includeInIndex = 1; lastKnownFileType = text.xcconfig; name = "Pods-PeopleManagerTests.debug.xcconfig"; path = "Pods/Target Support Files/Pods-PeopleManagerTests/Pods-PeopleManagerTests.debug.xcconfig"; sourceTree = "<group>"; };
/* End PBXFileReference section */

/* Begin PBXFrameworksBuildPhase section */
		92F50AAB1BB4429000199103 /* Frameworks */ = {
			isa = PBXFrameworksBuildPhase;
			buildActionMask = 2147483647;
			files = (
				8F1A6AF428EB41E675FFC028 /* libPods.a in Frameworks */,
			);
			runOnlyForDeploymentPostprocessing = 0;
		};
		92F50ADB1BB4429000199103 /* Frameworks */ = {
			isa = PBXFrameworksBuildPhase;
			buildActionMask = 2147483647;
			files = (
				7EA37C1BA3A659D45C01FBB9 /* libPods-PeopleManagerTests.a in Frameworks */,
			);
			runOnlyForDeploymentPostprocessing = 0;
		};
		92F50AE61BB4429000199103 /* Frameworks */ = {
			isa = PBXFrameworksBuildPhase;
			buildActionMask = 2147483647;
			files = (
				0326AC228142EA39FD582F72 /* libPods-PeopleManagerUITests.a in Frameworks */,
			);
			runOnlyForDeploymentPostprocessing = 0;
		};
		92F50AF11BB4429000199103 /* Frameworks */ = {
			isa = PBXFrameworksBuildPhase;
			buildActionMask = 2147483647;
			files = (
			);
			runOnlyForDeploymentPostprocessing = 0;
		};
/* End PBXFrameworksBuildPhase section */

/* Begin PBXGroup section */
		4E5E801401C73521118C03A5 /* Pods */ = {
			isa = PBXGroup;
			children = (
				8BEE5C7AF881EC6190879C55 /* Pods.debug.xcconfig */,
				A2DE5EB62C99755B940EBF07 /* Pods.release.xcconfig */,
				FFDA91F960173098AD56602A /* Pods-PeopleManagerTests.debug.xcconfig */,
				78BA88419EED535A18D102B4 /* Pods-PeopleManagerTests.release.xcconfig */,
				918336BD61912027B97A67E7 /* Pods-PeopleManagerUITests.debug.xcconfig */,
				237F10C20CECA9CE1A1E4FEE /* Pods-PeopleManagerUITests.release.xcconfig */,
			);
			name = Pods;
			sourceTree = "<group>";
		};
		6CF613F5F774183753F65E28 /* Frameworks */ = {
			isa = PBXGroup;
			children = (
				D8A5ACC7A6ED91E78990A438 /* libPods.a */,
				17EBF9829A671A06E584F345 /* libPods-PeopleManagerTests.a */,
				F8C18FDC7B9A72ED4620B13E /* libPods-PeopleManagerUITests.a */,
			);
			name = Frameworks;
			sourceTree = "<group>";
		};
		92F50AA51BB4429000199103 = {
			isa = PBXGroup;
			children = (
				92F50AB31BB4429000199103 /* PeopleManager */,
				92F50AE11BB4429000199103 /* PeopleManagerTests */,
				92F50AEC1BB4429000199103 /* PeopleManagerUITests */,
				92F50AF71BB4429000199103 /* PeopleManagerUITests */,
				92F50AB21BB4429000199103 /* Products */,
				4E5E801401C73521118C03A5 /* Pods */,
				6CF613F5F774183753F65E28 /* Frameworks */,
			);
			sourceTree = "<group>";
		};
		92F50AB21BB4429000199103 /* Products */ = {
			isa = PBXGroup;
			children = (
				92F50AB11BB4429000199103 /* PeopleManager.app */,
				92F50ADE1BB4429000199103 /* PeopleManagerTests.xctest */,
				92F50AE91BB4429000199103 /* PeopleManagerUITests.xctest */,
				92F50AF41BB4429000199103 /* PeopleManagerUITests.xctest */,
			);
			name = Products;
			sourceTree = "<group>";
		};
		92F50AB31BB4429000199103 /* PeopleManager */ = {
			isa = PBXGroup;
			children = (
				92F50AB41BB4429000199103 /* main.m */,
				92F50AB61BB4429000199103 /* AppDelegate.h */,
				92F50AB71BB4429000199103 /* AppDelegate.m */,
				92F50AD11BB4429000199103 /* Main.storyboard */,
				92F50AD41BB4429000199103 /* Assets.xcassets */,
				92F50AD61BB4429000199103 /* LaunchScreen.storyboard */,
				92F50AD91BB4429000199103 /* Info.plist */,
				92F50ACF1BB4429000199103 /* Views */,
				92F50ACE1BB4429000199103 /* View Controllers */,
				92F50ACD1BB4429000199103 /* Controls */,
				92F50ACC1BB4429000199103 /* Data Sources */,
				92F50ACB1BB4429000199103 /* Categories */,
				92F50ACA1BB4429000199103 /* Resources */,
				92F50AC91BB4429000199103 /* Storyboards */,
				92F50AB91BB4429000199103 /* Non-iOS Resources */,
				92F50AC71BB4429000199103 /* Supporting Files */,
			);
			path = PeopleManager;
			sourceTree = "<group>";
		};
		92F50AB91BB4429000199103 /* Non-iOS Resources */ = {
			isa = PBXGroup;
			children = (
				92F50ABA1BB4429000199103 /* .gitignore */,
				92F50ABB1BB4429000199103 /* .travis.yml */,
				92F50ABC1BB4429000199103 /* README.md */,
				92F50AC51BB4429000199103 /* Podfile */,
				92F50AC61BB4429000199103 /* Gemfile */,
				92F50ABD1BB4429000199103 /* travis */,
			);
			name = "Non-iOS Resources";
			sourceTree = "<group>";
		};
		92F50ABD1BB4429000199103 /* travis */ = {
			isa = PBXGroup;
			children = (
				92F50ABE1BB4429000199103 /* add-key.sh */,
				92F50ABF1BB4429000199103 /* Apple Worldwide Developer Relations Certification Authority.cer */,
				92F50AC01BB4429000199103 /* build.sh */,
				92F50AC11BB4429000199103 /* codecov.sh */,
				92F50AC21BB4429000199103 /* distribute.sh */,
				92F50AC31BB4429000199103 /* remove-key.sh */,
			);
			path = travis;
			sourceTree = SOURCE_ROOT;
		};
		92F50AC71BB4429000199103 /* Supporting Files */ = {
			isa = PBXGroup;
			children = (
				92F50AC81BB4429000199103 /* VokalObjCleanStyleSettings.plist */,
				92F50AD01BB4429000199103 /* Prefix.pch */,
			);
			name = "Supporting Files";
			sourceTree = "<group>";
		};
		92F50AC91BB4429000199103 /* Storyboards */ = {
			isa = PBXGroup;
			children = (
			);
			path = Storyboards;
			sourceTree = "<group>";
		};
		92F50ACA1BB4429000199103 /* Resources */ = {
			isa = PBXGroup;
			children = (
			);
			path = Resources;
			sourceTree = "<group>";
		};
		92F50ACB1BB4429000199103 /* Categories */ = {
			isa = PBXGroup;
			children = (
			);
			path = Categories;
			sourceTree = "<group>";
		};
		92F50ACC1BB4429000199103 /* Data Sources */ = {
			isa = PBXGroup;
			children = (
			);
			path = "Data Sources";
			sourceTree = "<group>";
		};
		92F50ACD1BB4429000199103 /* Controls */ = {
			isa = PBXGroup;
			children = (
			);
			path = Controls;
			sourceTree = "<group>";
		};
		92F50ACE1BB4429000199103 /* View Controllers */ = {
			isa = PBXGroup;
			children = (
			);
			path = "View Controllers";
			sourceTree = "<group>";
		};
		92F50ACF1BB4429000199103 /* Views */ = {
			isa = PBXGroup;
			children = (
			);
			path = Views;
			sourceTree = "<group>";
		};
		92F50AE11BB4429000199103 /* PeopleManagerTests */ = {
			isa = PBXGroup;
			children = (
				92F50AE21BB4429000199103 /* PeopleManagerTests.m */,
				92F50AE41BB4429000199103 /* Info.plist */,
			);
			path = PeopleManagerTests;
			sourceTree = "<group>";
		};
		92F50AEC1BB4429000199103 /* PeopleManagerUITests */ = {
			isa = PBXGroup;
			children = (
				92F50AED1BB4429000199103 /* PeopleManagerUITests.m */,
				92F50AEF1BB4429000199103 /* Info.plist */,
			);
			path = PeopleManagerUITests;
			sourceTree = "<group>";
		};
		92F50AF71BB4429000199103 /* PeopleManagerUITests */ = {
			isa = PBXGroup;
			children = (
				92F50AF81BB4429000199103 /* PeopleManagerUITests.m */,
				92F50AFA1BB4429000199103 /* Info.plist */,
			);
			path = PeopleManagerUITests;
			sourceTree = "<group>";
		};
/* End PBXGroup section */

/* Begin PBXNativeTarget section */
		92F50AB01BB4429000199103 /* PeopleManager */ = {
			isa = PBXNativeTarget;
			buildConfigurationList = 92F50AFD1BB4429000199103 /* Build configuration list for PBXNativeTarget "PeopleManager" */;
			buildPhases = (
				E3ACCB3F586D33E1BBBA9562 /* Check Pods Manifest.lock */,
				92F50AAA1BB4429000199103 /* Sources */,
				92F50AAB1BB4429000199103 /* Frameworks */,
				92F50AAC1BB4429000199103 /* Resources */,
				92F50AAE1BB4429000199103 /* Objective-Clean Run Script */,
				92F50AAF1BB4429000199103 /* Export Env Run Script */,
				5220B984AFA4AD3DB223A4E7 /* Copy Pods Resources */,
			);
			buildRules = (
			);
			dependencies = (
			);
			name = PeopleManager;
			productName = PeopleManager;
			productReference = 92F50AB11BB4429000199103 /* PeopleManager.app */;
			productType = "com.apple.product-type.application";
		};
		92F50ADD1BB4429000199103 /* PeopleManagerTests */ = {
			isa = PBXNativeTarget;
			buildConfigurationList = 92F50B001BB4429000199103 /* Build configuration list for PBXNativeTarget "PeopleManagerTests" */;
			buildPhases = (
				D2104554D178B2E0BC04B1D4 /* Check Pods Manifest.lock */,
				92F50ADA1BB4429000199103 /* Sources */,
				92F50ADB1BB4429000199103 /* Frameworks */,
				92F50ADC1BB4429000199103 /* Resources */,
				7AC7CDB59570CDC7C21361AE /* Copy Pods Resources */,
			);
			buildRules = (
			);
			dependencies = (
				92F50AE01BB4429000199103 /* PBXTargetDependency */,
			);
			name = PeopleManagerTests;
			productName = PeopleManagerTests;
			productReference = 92F50ADE1BB4429000199103 /* PeopleManagerTests.xctest */;
			productType = "com.apple.product-type.bundle.unit-test";
		};
		92F50AE81BB4429000199103 /* PeopleManagerUITests */ = {
			isa = PBXNativeTarget;
			buildConfigurationList = 92F50B031BB4429000199103 /* Build configuration list for PBXNativeTarget "PeopleManagerUITests" */;
			buildPhases = (
				BACDD42353322505F26721FC /* Check Pods Manifest.lock */,
				92F50AE51BB4429000199103 /* Sources */,
				92F50AE61BB4429000199103 /* Frameworks */,
				92F50AE71BB4429000199103 /* Resources */,
				FC4B3A49DB1B5189C5286F9B /* Copy Pods Resources */,
			);
			buildRules = (
			);
			dependencies = (
				92F50AEB1BB4429000199103 /* PBXTargetDependency */,
			);
			name = PeopleManagerUITests;
			productName = PeopleManagerUITests;
			productReference = 92F50AE91BB4429000199103 /* PeopleManagerUITests.xctest */;
			productType = "com.apple.product-type.bundle.ui-testing";
		};
		92F50AF31BB4429000199103 /* PeopleManagerUITests */ = {
			isa = PBXNativeTarget;
			buildConfigurationList = 92F50B061BB4429000199103 /* Build configuration list for PBXNativeTarget "PeopleManagerUITests" */;
			buildPhases = (
				92F50AF01BB4429000199103 /* Sources */,
				92F50AF11BB4429000199103 /* Frameworks */,
				92F50AF21BB4429000199103 /* Resources */,
			);
			buildRules = (
			);
			dependencies = (
				92F50AF61BB4429000199103 /* PBXTargetDependency */,
			);
			name = PeopleManagerUITests;
			productName = PeopleManagerUITests;
			productReference = 92F50AF41BB4429000199103 /* PeopleManagerUITests.xctest */;
			productType = "com.apple.product-type.bundle.unit-test";
		};
/* End PBXNativeTarget section */

/* Begin PBXProject section */
		92F50AA61BB4429000199103 /* Project object */ = {
			isa = PBXProject;
			attributes = {
				CLASSPREFIX = HD;
				LastUpgradeCheck = 0700;
				ORGANIZATIONNAME = vokal;
				TargetAttributes = {
					92F50AB01BB4429000199103 = {
						CreatedOnToolsVersion = 7.0;
					};
					92F50ADD1BB4429000199103 = {
						CreatedOnToolsVersion = 7.0;
						TestTargetID = 92F50AB01BB4429000199103;
					};
					92F50AE81BB4429000199103 = {
						CreatedOnToolsVersion = 7.0;
						TestTargetID = 92F50AB01BB4429000199103;
					};
					92F50AF31BB4429000199103 = {
						CreatedOnToolsVersion = 7.0;
						TestTargetID = 92F50AB01BB4429000199103;
					};
				};
			};
			buildConfigurationList = 92F50AA91BB4429000199103 /* Build configuration list for PBXProject "PeopleManager" */;
			compatibilityVersion = "Xcode 3.2";
			developmentRegion = English;
			hasScannedForEncodings = 0;
			knownRegions = (
				en,
				Base,
			);
			mainGroup = 92F50AA51BB4429000199103;
			productRefGroup = 92F50AB21BB4429000199103 /* Products */;
			projectDirPath = "";
			projectRoot = "";
			targets = (
				92F50AB01BB4429000199103 /* PeopleManager */,
				92F50ADD1BB4429000199103 /* PeopleManagerTests */,
				92F50AE81BB4429000199103 /* PeopleManagerUITests */,
				92F50AF31BB4429000199103 /* PeopleManagerUITests */,
			);
		};
/* End PBXProject section */

/* Begin PBXResourcesBuildPhase section */
		92F50AAC1BB4429000199103 /* Resources */ = {
			isa = PBXResourcesBuildPhase;
			buildActionMask = 2147483647;
			files = (
				92F50AC41BB4429000199103 /* remove-key.sh in Resources */,
				92F50AD81BB4429000199103 /* LaunchScreen.storyboard in Resources */,
				92F50AD51BB4429000199103 /* Assets.xcassets in Resources */,
				92F50AD31BB4429000199103 /* Main.storyboard in Resources */,
			);
			runOnlyForDeploymentPostprocessing = 0;
		};
		92F50ADC1BB4429000199103 /* Resources */ = {
			isa = PBXResourcesBuildPhase;
			buildActionMask = 2147483647;
			files = (
			);
			runOnlyForDeploymentPostprocessing = 0;
		};
		92F50AE71BB4429000199103 /* Resources */ = {
			isa = PBXResourcesBuildPhase;
			buildActionMask = 2147483647;
			files = (
			);
			runOnlyForDeploymentPostprocessing = 0;
		};
		92F50AF21BB4429000199103 /* Resources */ = {
			isa = PBXResourcesBuildPhase;
			buildActionMask = 2147483647;
			files = (
			);
			runOnlyForDeploymentPostprocessing = 0;
		};
/* End PBXResourcesBuildPhase section */

/* Begin PBXShellScriptBuildPhase section */
		5220B984AFA4AD3DB223A4E7 /* Copy Pods Resources */ = {
			isa = PBXShellScriptBuildPhase;
			buildActionMask = 2147483647;
			files = (
			);
			inputPaths = (
			);
			name = "Copy Pods Resources";
			outputPaths = (
			);
			runOnlyForDeploymentPostprocessing = 0;
			shellPath = /bin/sh;
			shellScript = "\"${SRCROOT}/Pods/Target Support Files/Pods/Pods-resources.sh\"\n";
			showEnvVarsInLog = 0;
		};
		7AC7CDB59570CDC7C21361AE /* Copy Pods Resources */ = {
			isa = PBXShellScriptBuildPhase;
			buildActionMask = 2147483647;
			files = (
			);
			inputPaths = (
			);
			name = "Copy Pods Resources";
			outputPaths = (
			);
			runOnlyForDeploymentPostprocessing = 0;
			shellPath = /bin/sh;
			shellScript = "\"${SRCROOT}/Pods/Target Support Files/Pods-PeopleManagerTests/Pods-PeopleManagerTests-resources.sh\"\n";
			showEnvVarsInLog = 0;
		};
		92F50AAE1BB4429000199103 /* Objective-Clean Run Script */ = {
			isa = PBXShellScriptBuildPhase;
			buildActionMask = 2147483647;
			files = (
			);
			inputPaths = (
			);
			name = "Objective-Clean Run Script";
			outputPaths = (
			);
			runOnlyForDeploymentPostprocessing = 0;
			shellPath = /bin/bash;
			shellScript = "if [[ ${CI} == 'true' && ${TRAVIS} == 'true' ]]; then\necho \"Objective-Clean will not be executed on Travis\"\nexit 0\nfi\nif [[ -z ${SKIP_OBJCLEAN} || ${SKIP_OBJCLEAN} != 1 ]]; then\nif [[ -d \"${LOCAL_APPS_DIR}/Objective-Clean.app\" ]]; then\n\"${LOCAL_APPS_DIR}\"/Objective-Clean.app/Contents/Resources/ObjClean.app/Contents/MacOS/ObjClean \"${SRCROOT}\"\nelse\necho \"error: You have to install and set up Objective-Clean to use its features!\"\nexit 1\nfi\nfi";
		};
		92F50AAF1BB4429000199103 /* Export Env Run Script */ = {
			isa = PBXShellScriptBuildPhase;
			buildActionMask = 2147483647;
			files = (
			);
			inputPaths = (
			);
			name = "Export Env Run Script";
			outputPaths = (
			);
			runOnlyForDeploymentPostprocessing = 0;
			shellPath = /bin/sh;
			shellScript = Pods/XcodeCoverage/exportenv.sh;
		};
		BACDD42353322505F26721FC /* Check Pods Manifest.lock */ = {
			isa = PBXShellScriptBuildPhase;
			buildActionMask = 2147483647;
			files = (
			);
			inputPaths = (
			);
			name = "Check Pods Manifest.lock";
			outputPaths = (
			);
			runOnlyForDeploymentPostprocessing = 0;
			shellPath = /bin/sh;
			shellScript = "diff \"${PODS_ROOT}/../Podfile.lock\" \"${PODS_ROOT}/Manifest.lock\" > /dev/null\nif [[ $? != 0 ]] ; then\n    cat << EOM\nerror: The sandbox is not in sync with the Podfile.lock. Run 'pod install' or update your CocoaPods installation.\nEOM\n    exit 1\nfi\n";
			showEnvVarsInLog = 0;
		};
		D2104554D178B2E0BC04B1D4 /* Check Pods Manifest.lock */ = {
			isa = PBXShellScriptBuildPhase;
			buildActionMask = 2147483647;
			files = (
			);
			inputPaths = (
			);
			name = "Check Pods Manifest.lock";
			outputPaths = (
			);
			runOnlyForDeploymentPostprocessing = 0;
			shellPath = /bin/sh;
			shellScript = "diff \"${PODS_ROOT}/../Podfile.lock\" \"${PODS_ROOT}/Manifest.lock\" > /dev/null\nif [[ $? != 0 ]] ; then\n    cat << EOM\nerror: The sandbox is not in sync with the Podfile.lock. Run 'pod install' or update your CocoaPods installation.\nEOM\n    exit 1\nfi\n";
			showEnvVarsInLog = 0;
		};
		E3ACCB3F586D33E1BBBA9562 /* Check Pods Manifest.lock */ = {
			isa = PBXShellScriptBuildPhase;
			buildActionMask = 2147483647;
			files = (
			);
			inputPaths = (
			);
			name = "Check Pods Manifest.lock";
			outputPaths = (
			);
			runOnlyForDeploymentPostprocessing = 0;
			shellPath = /bin/sh;
			shellScript = "diff \"${PODS_ROOT}/../Podfile.lock\" \"${PODS_ROOT}/Manifest.lock\" > /dev/null\nif [[ $? != 0 ]] ; then\n    cat << EOM\nerror: The sandbox is not in sync with the Podfile.lock. Run 'pod install' or update your CocoaPods installation.\nEOM\n    exit 1\nfi\n";
			showEnvVarsInLog = 0;
		};
		FC4B3A49DB1B5189C5286F9B /* Copy Pods Resources */ = {
			isa = PBXShellScriptBuildPhase;
			buildActionMask = 2147483647;
			files = (
			);
			inputPaths = (
			);
			name = "Copy Pods Resources";
			outputPaths = (
			);
			runOnlyForDeploymentPostprocessing = 0;
			shellPath = /bin/sh;
			shellScript = "\"${SRCROOT}/Pods/Target Support Files/Pods-PeopleManagerUITests/Pods-PeopleManagerUITests-resources.sh\"\n";
			showEnvVarsInLog = 0;
		};
/* End PBXShellScriptBuildPhase section */

/* Begin PBXSourcesBuildPhase section */
		92F50AAA1BB4429000199103 /* Sources */ = {
			isa = PBXSourcesBuildPhase;
			buildActionMask = 2147483647;
			files = (
				92F50AB81BB4429000199103 /* AppDelegate.m in Sources */,
				92F50AB51BB4429000199103 /* main.m in Sources */,
			);
			runOnlyForDeploymentPostprocessing = 0;
		};
		92F50ADA1BB4429000199103 /* Sources */ = {
			isa = PBXSourcesBuildPhase;
			buildActionMask = 2147483647;
			files = (
				92F50AE31BB4429000199103 /* PeopleManagerTests.m in Sources */,
			);
			runOnlyForDeploymentPostprocessing = 0;
		};
		92F50AE51BB4429000199103 /* Sources */ = {
			isa = PBXSourcesBuildPhase;
			buildActionMask = 2147483647;
			files = (
				92F50AEE1BB4429000199103 /* PeopleManagerUITests.m in Sources */,
			);
			runOnlyForDeploymentPostprocessing = 0;
		};
		92F50AF01BB4429000199103 /* Sources */ = {
			isa = PBXSourcesBuildPhase;
			buildActionMask = 2147483647;
			files = (
				92F50AF91BB4429000199103 /* PeopleManagerUITests.m in Sources */,
			);
			runOnlyForDeploymentPostprocessing = 0;
		};
/* End PBXSourcesBuildPhase section */

/* Begin PBXTargetDependency section */
		92F50AE01BB4429000199103 /* PBXTargetDependency */ = {
			isa = PBXTargetDependency;
			target = 92F50AB01BB4429000199103 /* PeopleManager */;
			targetProxy = 92F50ADF1BB4429000199103 /* PBXContainerItemProxy */;
		};
		92F50AEB1BB4429000199103 /* PBXTargetDependency */ = {
			isa = PBXTargetDependency;
			target = 92F50AB01BB4429000199103 /* PeopleManager */;
			targetProxy = 92F50AEA1BB4429000199103 /* PBXContainerItemProxy */;
		};
		92F50AF61BB4429000199103 /* PBXTargetDependency */ = {
			isa = PBXTargetDependency;
			target = 92F50AB01BB4429000199103 /* PeopleManager */;
			targetProxy = 92F50AF51BB4429000199103 /* PBXContainerItemProxy */;
		};
/* End PBXTargetDependency section */

/* Begin PBXVariantGroup section */
		92F50AD11BB4429000199103 /* Main.storyboard */ = {
			isa = PBXVariantGroup;
			children = (
				92F50AD21BB4429000199103 /* Base */,
			);
			name = Main.storyboard;
			sourceTree = "<group>";
		};
		92F50AD61BB4429000199103 /* LaunchScreen.storyboard */ = {
			isa = PBXVariantGroup;
			children = (
				92F50AD71BB4429000199103 /* Base */,
			);
			name = LaunchScreen.storyboard;
			sourceTree = "<group>";
		};
/* End PBXVariantGroup section */

/* Begin XCBuildConfiguration section */
		92F50AFB1BB4429000199103 /* Debug */ = {
			isa = XCBuildConfiguration;
			buildSettings = {
				ALWAYS_SEARCH_USER_PATHS = NO;
				CLANG_CXX_LANGUAGE_STANDARD = "gnu++0x";
				CLANG_CXX_LIBRARY = "libc++";
				CLANG_ENABLE_MODULES = YES;
				CLANG_ENABLE_OBJC_ARC = YES;
				CLANG_WARN_BOOL_CONVERSION = YES;
				CLANG_WARN_CONSTANT_CONVERSION = YES;
				CLANG_WARN_DIRECT_OBJC_ISA_USAGE = YES_ERROR;
				CLANG_WARN_EMPTY_BODY = YES;
				CLANG_WARN_ENUM_CONVERSION = YES;
				CLANG_WARN_INT_CONVERSION = YES;
				CLANG_WARN_OBJC_ROOT_CLASS = YES_ERROR;
				CLANG_WARN_UNREACHABLE_CODE = YES;
				CLANG_WARN__DUPLICATE_METHOD_MATCH = YES;
				"CODE_SIGN_IDENTITY[sdk=iphoneos*]" = "iPhone Developer";
				COPY_PHASE_STRIP = NO;
				DEBUG_INFORMATION_FORMAT = dwarf;
				ENABLE_STRICT_OBJC_MSGSEND = YES;
				ENABLE_TESTABILITY = YES;
				GCC_C_LANGUAGE_STANDARD = gnu99;
				GCC_DYNAMIC_NO_PIC = NO;
				GCC_GENERATE_TEST_COVERAGE_FILES = YES;
				GCC_INSTRUMENT_PROGRAM_FLOW_ARCS = YES;
				GCC_NO_COMMON_BLOCKS = YES;
				GCC_OPTIMIZATION_LEVEL = 0;
				GCC_PREPROCESSOR_DEFINITIONS = (
					"DEBUG=1",
					"$(inherited)",
				);
				GCC_WARN_64_TO_32_BIT_CONVERSION = YES;
				GCC_WARN_ABOUT_RETURN_TYPE = YES_ERROR;
				GCC_WARN_UNDECLARED_SELECTOR = YES;
				GCC_WARN_UNINITIALIZED_AUTOS = YES_AGGRESSIVE;
				GCC_WARN_UNUSED_FUNCTION = YES;
				GCC_WARN_UNUSED_VARIABLE = YES;
				IPHONEOS_DEPLOYMENT_TARGET = 9.0;
				MTL_ENABLE_DEBUG_INFO = YES;
				ONLY_ACTIVE_ARCH = YES;
				SDKROOT = iphoneos;
				TARGETED_DEVICE_FAMILY = "1,2";
			};
			name = Debug;
		};
		92F50AFC1BB4429000199103 /* Release */ = {
			isa = XCBuildConfiguration;
			buildSettings = {
				ALWAYS_SEARCH_USER_PATHS = NO;
				CLANG_CXX_LANGUAGE_STANDARD = "gnu++0x";
				CLANG_CXX_LIBRARY = "libc++";
				CLANG_ENABLE_MODULES = YES;
				CLANG_ENABLE_OBJC_ARC = YES;
				CLANG_WARN_BOOL_CONVERSION = YES;
				CLANG_WARN_CONSTANT_CONVERSION = YES;
				CLANG_WARN_DIRECT_OBJC_ISA_USAGE = YES_ERROR;
				CLANG_WARN_EMPTY_BODY = YES;
				CLANG_WARN_ENUM_CONVERSION = YES;
				CLANG_WARN_INT_CONVERSION = YES;
				CLANG_WARN_OBJC_ROOT_CLASS = YES_ERROR;
				CLANG_WARN_UNREACHABLE_CODE = YES;
				CLANG_WARN__DUPLICATE_METHOD_MATCH = YES;
				"CODE_SIGN_IDENTITY[sdk=iphoneos*]" = "iPhone Developer";
				COPY_PHASE_STRIP = NO;
				DEBUG_INFORMATION_FORMAT = "dwarf-with-dsym";
				ENABLE_NS_ASSERTIONS = NO;
				ENABLE_STRICT_OBJC_MSGSEND = YES;
				GCC_C_LANGUAGE_STANDARD = gnu99;
				GCC_NO_COMMON_BLOCKS = YES;
				GCC_WARN_64_TO_32_BIT_CONVERSION = YES;
				GCC_WARN_ABOUT_RETURN_TYPE = YES_ERROR;
				GCC_WARN_UNDECLARED_SELECTOR = YES;
				GCC_WARN_UNINITIALIZED_AUTOS = YES_AGGRESSIVE;
				GCC_WARN_UNUSED_FUNCTION = YES;
				GCC_WARN_UNUSED_VARIABLE = YES;
				IPHONEOS_DEPLOYMENT_TARGET = 9.0;
				MTL_ENABLE_DEBUG_INFO = NO;
				SDKROOT = iphoneos;
				TARGETED_DEVICE_FAMILY = "1,2";
				VALIDATE_PRODUCT = YES;
			};
			name = Release;
		};
		92F50AFE1BB4429000199103 /* Debug */ = {
			isa = XCBuildConfiguration;
			baseConfigurationReference = 8BEE5C7AF881EC6190879C55 /* Pods.debug.xcconfig */;
			buildSettings = {
				ASSETCATALOG_COMPILER_APPICON_NAME = AppIcon;
				GCC_PRECOMPILE_PREFIX_HEADER = YES;
				GCC_PREFIX_HEADER = PeopleManager/Prefix.pch;
				INFOPLIST_FILE = PeopleManager/Info.plist;
				LD_RUNPATH_SEARCH_PATHS = "$(inherited) @executable_path/Frameworks";
				PRODUCT_BUNDLE_IDENTIFIER = vokalinteractive.PeopleManager;
				PRODUCT_NAME = "$(TARGET_NAME)";
			};
			name = Debug;
		};
		92F50AFF1BB4429000199103 /* Release */ = {
			isa = XCBuildConfiguration;
			baseConfigurationReference = A2DE5EB62C99755B940EBF07 /* Pods.release.xcconfig */;
			buildSettings = {
				ASSETCATALOG_COMPILER_APPICON_NAME = AppIcon;
				GCC_PRECOMPILE_PREFIX_HEADER = YES;
				GCC_PREFIX_HEADER = PeopleManager/Prefix.pch;
				INFOPLIST_FILE = PeopleManager/Info.plist;
				LD_RUNPATH_SEARCH_PATHS = "$(inherited) @executable_path/Frameworks";
				PRODUCT_BUNDLE_IDENTIFIER = vokalinteractive.PeopleManager;
				PRODUCT_NAME = "$(TARGET_NAME)";
			};
			name = Release;
		};
		92F50B011BB4429000199103 /* Debug */ = {
			isa = XCBuildConfiguration;
			baseConfigurationReference = FFDA91F960173098AD56602A /* Pods-PeopleManagerTests.debug.xcconfig */;
			buildSettings = {
				BUNDLE_LOADER = "$(TEST_HOST)";
				INFOPLIST_FILE = PeopleManagerTests/Info.plist;
				LD_RUNPATH_SEARCH_PATHS = "$(inherited) @executable_path/Frameworks @loader_path/Frameworks";
				PRODUCT_BUNDLE_IDENTIFIER = vokalinteractive.PeopleManagerTests;
				PRODUCT_NAME = "$(TARGET_NAME)";
				TEST_HOST = "$(BUILT_PRODUCTS_DIR)/PeopleManager.app/PeopleManager";
			};
			name = Debug;
		};
		92F50B021BB4429000199103 /* Release */ = {
			isa = XCBuildConfiguration;
			baseConfigurationReference = 78BA88419EED535A18D102B4 /* Pods-PeopleManagerTests.release.xcconfig */;
			buildSettings = {
				BUNDLE_LOADER = "$(TEST_HOST)";
				INFOPLIST_FILE = PeopleManagerTests/Info.plist;
				LD_RUNPATH_SEARCH_PATHS = "$(inherited) @executable_path/Frameworks @loader_path/Frameworks";
				PRODUCT_BUNDLE_IDENTIFIER = vokalinteractive.PeopleManagerTests;
				PRODUCT_NAME = "$(TARGET_NAME)";
				TEST_HOST = "$(BUILT_PRODUCTS_DIR)/PeopleManager.app/PeopleManager";
			};
			name = Release;
		};
		92F50B041BB4429000199103 /* Debug */ = {
			isa = XCBuildConfiguration;
			baseConfigurationReference = 918336BD61912027B97A67E7 /* Pods-PeopleManagerUITests.debug.xcconfig */;
			buildSettings = {
				INFOPLIST_FILE = PeopleManagerUITests/Info.plist;
				LD_RUNPATH_SEARCH_PATHS = "$(inherited) @executable_path/Frameworks @loader_path/Frameworks";
				PRODUCT_BUNDLE_IDENTIFIER = vokalinteractive.PeopleManagerUITests;
				PRODUCT_NAME = "$(TARGET_NAME)";
				TEST_TARGET_NAME = PeopleManager;
				USES_XCTRUNNER = YES;
			};
			name = Debug;
		};
		92F50B051BB4429000199103 /* Release */ = {
			isa = XCBuildConfiguration;
			baseConfigurationReference = 237F10C20CECA9CE1A1E4FEE /* Pods-PeopleManagerUITests.release.xcconfig */;
			buildSettings = {
				INFOPLIST_FILE = PeopleManagerUITests/Info.plist;
				LD_RUNPATH_SEARCH_PATHS = "$(inherited) @executable_path/Frameworks @loader_path/Frameworks";
				PRODUCT_BUNDLE_IDENTIFIER = vokalinteractive.PeopleManagerUITests;
				PRODUCT_NAME = "$(TARGET_NAME)";
				TEST_TARGET_NAME = PeopleManager;
				USES_XCTRUNNER = YES;
			};
			name = Release;
		};
		92F50B071BB4429000199103 /* Debug */ = {
			isa = XCBuildConfiguration;
			buildSettings = {
				BUNDLE_LOADER = "$(TEST_HOST)";
				FRAMEWORK_SEARCH_PATHS = (
					"$(SDKROOT)/Developer/Library/Frameworks",
					"$(inherited)",
				);
				INFOPLIST_FILE = PeopleManagerUITests/Info.plist;
				LD_RUNPATH_SEARCH_PATHS = "$(inherited) @executable_path/Frameworks @loader_path/Frameworks";
				PRODUCT_BUNDLE_IDENTIFIER = vokalinteractive.PeopleManagerUITests;
				PRODUCT_NAME = "$(TARGET_NAME)";
				TEST_HOST = "$(BUILT_PRODUCTS_DIR)/PeopleManager.app/PeopleManager";
			};
			name = Debug;
		};
		92F50B081BB4429000199103 /* Release */ = {
			isa = XCBuildConfiguration;
			buildSettings = {
				BUNDLE_LOADER = "$(TEST_HOST)";
				FRAMEWORK_SEARCH_PATHS = (
					"$(SDKROOT)/Developer/Library/Frameworks",
					"$(inherited)",
				);
				INFOPLIST_FILE = PeopleManagerUITests/Info.plist;
				LD_RUNPATH_SEARCH_PATHS = "$(inherited) @executable_path/Frameworks @loader_path/Frameworks";
				PRODUCT_BUNDLE_IDENTIFIER = vokalinteractive.PeopleManagerUITests;
				PRODUCT_NAME = "$(TARGET_NAME)";
				TEST_HOST = "$(BUILT_PRODUCTS_DIR)/PeopleManager.app/PeopleManager";
			};
			name = Release;
		};
/* End XCBuildConfiguration section */

/* Begin XCConfigurationList section */
		92F50AA91BB4429000199103 /* Build configuration list for PBXProject "PeopleManager" */ = {
			isa = XCConfigurationList;
			buildConfigurations = (
				92F50AFB1BB4429000199103 /* Debug */,
				92F50AFC1BB4429000199103 /* Release */,
			);
			defaultConfigurationIsVisible = 0;
			defaultConfigurationName = Release;
		};
		92F50AFD1BB4429000199103 /* Build configuration list for PBXNativeTarget "PeopleManager" */ = {
			isa = XCConfigurationList;
			buildConfigurations = (
				92F50AFE1BB4429000199103 /* Debug */,
				92F50AFF1BB4429000199103 /* Release */,
			);
			defaultConfigurationIsVisible = 0;
			defaultConfigurationName = Release;
		};
		92F50B001BB4429000199103 /* Build configuration list for PBXNativeTarget "PeopleManagerTests" */ = {
			isa = XCConfigurationList;
			buildConfigurations = (
				92F50B011BB4429000199103 /* Debug */,
				92F50B021BB4429000199103 /* Release */,
			);
			defaultConfigurationIsVisible = 0;
			defaultConfigurationName = Release;
		};
		92F50B031BB4429000199103 /* Build configuration list for PBXNativeTarget "PeopleManagerUITests" */ = {
			isa = XCConfigurationList;
			buildConfigurations = (
				92F50B041BB4429000199103 /* Debug */,
				92F50B051BB4429000199103 /* Release */,
			);
			defaultConfigurationIsVisible = 0;
			defaultConfigurationName = Release;
		};
		92F50B061BB4429000199103 /* Build configuration list for PBXNativeTarget "PeopleManagerUITests" */ = {
			isa = XCConfigurationList;
			buildConfigurations = (
				92F50B071BB4429000199103 /* Debug */,
				92F50B081BB4429000199103 /* Release */,
			);
			defaultConfigurationIsVisible = 0;
			defaultConfigurationName = Release;
		};
/* End XCConfigurationList section */
	};
	rootObject = 92F50AA61BB4429000199103 /* Project object */;
}
